{
  "name": "beach",
  "version": "1.0.0",
  "lockfileVersion": 2,
  "requires": true,
  "packages": {
    "": {
      "name": "beach",
      "version": "1.0.0",
      "license": "ISC",
      "dependencies": {
        "ccapture.js": "^1.1.0",
        "twgl.js": "^4.17.0",
        "webgl-debug": "^2.0.1"
      }
    },
    "node_modules/ccapture.js": {
      "version": "1.1.0",
      "resolved": "https://registry.npmjs.org/ccapture.js/-/ccapture.js-1.1.0.tgz",
      "integrity": "sha512-28kiHJzFsZ6b0OTfKpWpEwK2n/LTAgytK1uzB+413dzjHltdh2hP5Yg2qR0+9Xw3XoBMz5UkGCh8Ektr2rVlmw=="
    },
    "node_modules/twgl.js": {
      "version": "4.17.0",
      "resolved": "https://registry.npmjs.org/twgl.js/-/twgl.js-4.17.0.tgz",
      "integrity": "sha512-FN4CWvqdDtFuIzeE+uCLeftPKuar0BU/SXuXGiAmCsxEF5CxWIRMVxJs8caBPUzBTWn3NEdOcY2M5bhxlL6hZA=="
    },
    "node_modules/webgl-debug": {
      "version": "2.0.1",
      "resolved": "https://registry.npmjs.org/webgl-debug/-/webgl-debug-2.0.1.tgz",
      "integrity": "sha512-G7BOpMmqdc31X1nb3eqwVxw/v1MNV/ulgw7Bs+7+a/sn+fC0d0OiMkerA55C6+3BL2vULyJ3kZLPcEL5GbXzhw=="
    }
  },
  "dependencies": {
    "ccapture.js": {
      "version": "1.1.0",
      "resolved": "https://registry.npmjs.org/ccapture.js/-/ccapture.js-1.1.0.tgz",
      "integrity": "sha512-28kiHJzFsZ6b0OTfKpWpEwK2n/LTAgytK1uzB+413dzjHltdh2hP5Yg2qR0+9Xw3XoBMz5UkGCh8Ektr2rVlmw=="
    },
    "twgl.js": {
      "version": "4.17.0",
      "resolved": "https://registry.npmjs.org/twgl.js/-/twgl.js-4.17.0.tgz",
      "integrity": "sha512-FN4CWvqdDtFuIzeE+uCLeftPKuar0BU/SXuXGiAmCsxEF5CxWIRMVxJs8caBPUzBTWn3NEdOcY2M5bhxlL6hZA=="
    },
    "webgl-debug": {
      "version": "2.0.1",
      "resolved": "https://registry.npmjs.org/webgl-debug/-/webgl-debug-2.0.1.tgz",
      "integrity": "sha512-G7BOpMmqdc31X1nb3eqwVxw/v1MNV/ulgw7Bs+7+a/sn+fC0d0OiMkerA55C6+3BL2vULyJ3kZLPcEL5GbXzhw=="
    }
  }
}
