{
  "name": "beach",
  "version": "1.0.0",
  "lockfileVersion": 2,
  "requires": true,
  "packages": {
    "": {
      "name": "beach",
      "version": "1.0.0",
      "license": "ISC",
      "dependencies": {
        "ccapture.js": "^1.1.0",
        "twgl.js": "^4.24.0"
      }
    },
    "node_modules/ccapture.js": {
      "version": "1.1.0",
      "resolved": "https://registry.npmjs.org/ccapture.js/-/ccapture.js-1.1.0.tgz",
      "integrity": "sha512-28kiHJzFsZ6b0OTfKpWpEwK2n/LTAgytK1uzB+413dzjHltdh2hP5Yg2qR0+9Xw3XoBMz5UkGCh8Ektr2rVlmw=="
    },
    "node_modules/twgl.js": {
      "version": "4.24.0",
      "resolved": "https://registry.npmjs.org/twgl.js/-/twgl.js-4.24.0.tgz",
      "integrity": "sha512-JGVTxuV9dqaBmajXyvuZIlhCHrTbIaoNjQvtdoLHyK74OtbmNwZUj6rfdp+pz9htitI/tVxiVQ2nuw+KmD29vg=="
    }
  },
  "dependencies": {
    "ccapture.js": {
      "version": "1.1.0",
      "resolved": "https://registry.npmjs.org/ccapture.js/-/ccapture.js-1.1.0.tgz",
      "integrity": "sha512-28kiHJzFsZ6b0OTfKpWpEwK2n/LTAgytK1uzB+413dzjHltdh2hP5Yg2qR0+9Xw3XoBMz5UkGCh8Ektr2rVlmw=="
    },
    "twgl.js": {
      "version": "4.24.0",
      "resolved": "https://registry.npmjs.org/twgl.js/-/twgl.js-4.24.0.tgz",
      "integrity": "sha512-JGVTxuV9dqaBmajXyvuZIlhCHrTbIaoNjQvtdoLHyK74OtbmNwZUj6rfdp+pz9htitI/tVxiVQ2nuw+KmD29vg=="
    }
  }
}
